PODS:
  - CRToast (0.0.9)
  - CRToastSwift (0.1.1):
    - CRToast (~> 0.0.9)

DEPENDENCIES:
  - CRToastSwift (from `../`)

EXTERNAL SOURCES:
  CRToastSwift:
    :path: ../

SPEC CHECKSUMS:
  CRToast: 5a78c22b921c5ed3487488af605bc403a9c92fed
  CRToastSwift: 81d0634c2f567203a7651fb655ab0f58f8a4ba97

COCOAPODS: 0.39.0
