PODS:
  - CRToast (0.0.9)
  - CRToastSwift (0.1.0):
    - CRToast (~> 0.0.9)

DEPENDENCIES:
  - CRToastSwift (from `../`)

EXTERNAL SOURCES:
  CRToastSwift:
    :path: "../"

SPEC CHECKSUMS:
  CRToast: 5a78c22b921c5ed3487488af605bc403a9c92fed
  CRToastSwift: dda4af8bfd921a5b46b730adc769a5b5eb9ac306

COCOAPODS: 0.39.0
